
Microsoft Visual Studio Solution File, Format Version 12.00
# Visual Studio Version 17
VisualStudioVersion = 17.9.34728.123
MinimumVisualStudioVersion = 10.0.40219.1
Project("{8BC9CEB8-8B4A-11D0-8D11-00A0C91BC942}") = "HW_OOP_8_Set", "HW_OOP_8_Set.vcxproj", "{51463FBC-BF22-4F9F-AD81-95840B915D33}"
EndProject
Global
	GlobalSection(SolutionConfigurationPlatforms) = preSolution
		Debug|x64 = Debug|x64
		Debug|x86 = Debug|x86
		Release|x64 = Release|x64
		Release|x86 = Release|x86
	EndGlobalSection
	GlobalSection(ProjectConfigurationPlatforms) = postSolution
		{51463FBC-BF22-4F9F-AD81-95840B915D33}.Debug|x64.ActiveCfg = Debug|x64
		{51463FBC-BF22-4F9F-AD81-95840B915D33}.Debug|x64.Build.0 = Debug|x64
		{51463FBC-BF22-4F9F-AD81-95840B915D33}.Debug|x86.ActiveCfg = Debug|Win32
		{51463FBC-BF22-4F9F-AD81-95840B915D33}.Debug|x86.Build.0 = Debug|Win32
		{51463FBC-BF22-4F9F-AD81-95840B915D33}.Release|x64.ActiveCfg = Release|x64
		{51463FBC-BF22-4F9F-AD81-95840B915D33}.Release|x64.Build.0 = Release|x64
		{51463FBC-BF22-4F9F-AD81-95840B915D33}.Release|x86.ActiveCfg = Release|Win32
		{51463FBC-BF22-4F9F-AD81-95840B915D33}.Release|x86.Build.0 = Release|Win32
	EndGlobalSection
	GlobalSection(SolutionProperties) = preSolution
		HideSolutionNode = FALSE
	EndGlobalSection
	GlobalSection(ExtensibilityGlobals) = postSolution
		SolutionGuid = {27A2C3A5-8A12-4817-8475-7D009D918F71}
	EndGlobalSection
EndGlobal
